
Microsoft Visual Studio Solution File, Format Version 12.00
# Visual Studio Version 16
VisualStudioVersion = 16.0.30717.126
MinimumVisualStudioVersion = 10.0.40219.1
Project("{9A19103F-16F7-4668-BE54-9A1E7A4F7556}") = "7PeaksSoftware.VehicleTrackingSystem.API", "7PeaksSoftware.VehicleTrackingSystem.API\7PeaksSoftware.VehicleTrackingSystem.API.csproj", "{A2C64B2E-ACE7-45C4-B81F-2B13D8223789}"
EndProject
Project("{FAE04EC0-301F-11D3-BF4B-00C04F79EFBC}") = "7PeaksSoftware.VehicleTrackingSystem.DataAccess", "7PeaksSoftware.VehicleTrackingSystem.DataAccess\7PeaksSoftware.VehicleTrackingSystem.DataAccess.csproj", "{74A2AB98-E396-46DC-9D7B-52524442096A}"
EndProject
Project("{FAE04EC0-301F-11D3-BF4B-00C04F79EFBC}") = "7PeaksSoftware.VehicleTrackingSystem.Service", "7PeaksSoftware.VehicleTrackingSystem.Service\7PeaksSoftware.VehicleTrackingSystem.Service.csproj", "{0F29E5E2-4091-41D2-8CF3-04D264C780A9}"
EndProject
Global
	GlobalSection(SolutionConfigurationPlatforms) = preSolution
		Debug|Any CPU = Debug|Any CPU
		Release|Any CPU = Release|Any CPU
	EndGlobalSection
	GlobalSection(ProjectConfigurationPlatforms) = postSolution
		{A2C64B2E-ACE7-45C4-B81F-2B13D8223789}.Debug|Any CPU.ActiveCfg = Debug|Any CPU
		{A2C64B2E-ACE7-45C4-B81F-2B13D8223789}.Debug|Any CPU.Build.0 = Debug|Any CPU
		{A2C64B2E-ACE7-45C4-B81F-2B13D8223789}.Release|Any CPU.ActiveCfg = Release|Any CPU
		{A2C64B2E-ACE7-45C4-B81F-2B13D8223789}.Release|Any CPU.Build.0 = Release|Any CPU
		{74A2AB98-E396-46DC-9D7B-52524442096A}.Debug|Any CPU.ActiveCfg = Debug|Any CPU
		{74A2AB98-E396-46DC-9D7B-52524442096A}.Debug|Any CPU.Build.0 = Debug|Any CPU
		{74A2AB98-E396-46DC-9D7B-52524442096A}.Release|Any CPU.ActiveCfg = Release|Any CPU
		{74A2AB98-E396-46DC-9D7B-52524442096A}.Release|Any CPU.Build.0 = Release|Any CPU
		{0F29E5E2-4091-41D2-8CF3-04D264C780A9}.Debug|Any CPU.ActiveCfg = Debug|Any CPU
		{0F29E5E2-4091-41D2-8CF3-04D264C780A9}.Debug|Any CPU.Build.0 = Debug|Any CPU
		{0F29E5E2-4091-41D2-8CF3-04D264C780A9}.Release|Any CPU.ActiveCfg = Release|Any CPU
		{0F29E5E2-4091-41D2-8CF3-04D264C780A9}.Release|Any CPU.Build.0 = Release|Any CPU
	EndGlobalSection
	GlobalSection(SolutionProperties) = preSolution
		HideSolutionNode = FALSE
	EndGlobalSection
	GlobalSection(ExtensibilityGlobals) = postSolution
		SolutionGuid = {E6E8F344-6BBC-446B-9B0D-B6FBE5190450}
	EndGlobalSection
EndGlobal
